// !$*UTF8*$!
{
	archiveVersion = 1;
	classes = {
	};
	objectVersion = 55;
	objects = {

/* Begin PBXBuildFile section */
		0148775B27EC9D78009FA128 /* FollowerListVC.swift in Sources */ = {isa = PBXBuildFile; fileRef = 0148775A27EC9D78009FA128 /* FollowerListVC.swift */; };
		0148775D27ECB71D009FA128 /* String+Ext.swift in Sources */ = {isa = PBXBuildFile; fileRef = 0148775C27ECB71D009FA128 /* String+Ext.swift */; };
		0150154327EAE8A90006086F /* AppDelegate.swift in Sources */ = {isa = PBXBuildFile; fileRef = 0150154227EAE8A90006086F /* AppDelegate.swift */; };
		0150154527EAE8A90006086F /* SceneDelegate.swift in Sources */ = {isa = PBXBuildFile; fileRef = 0150154427EAE8A90006086F /* SceneDelegate.swift */; };
		0150154C27EAE8AB0006086F /* Assets.xcassets in Resources */ = {isa = PBXBuildFile; fileRef = 0150154B27EAE8AB0006086F /* Assets.xcassets */; };
		0150154F27EAE8AB0006086F /* LaunchScreen.storyboard in Resources */ = {isa = PBXBuildFile; fileRef = 0150154D27EAE8AB0006086F /* LaunchScreen.storyboard */; };
		0150155827EAF47A0006086F /* SearchVC.swift in Sources */ = {isa = PBXBuildFile; fileRef = 0150155727EAF47A0006086F /* SearchVC.swift */; };
		0150155A27EAF4AD0006086F /* FavoriteListVC.swift in Sources */ = {isa = PBXBuildFile; fileRef = 0150155927EAF4AD0006086F /* FavoriteListVC.swift */; };
		0150155C27EB0DB70006086F /* GFButton.swift in Sources */ = {isa = PBXBuildFile; fileRef = 0150155B27EB0DB70006086F /* GFButton.swift */; };
		0150155E27EB12BF0006086F /* GFTextField.swift in Sources */ = {isa = PBXBuildFile; fileRef = 0150155D27EB12BF0006086F /* GFTextField.swift */; };
		669955689F379EB19685A9B6 /* Pods_Github_mobile.framework in Frameworks */ = {isa = PBXBuildFile; fileRef = B84FD2BB5937E20D5B7C3226 /* Pods_Github_mobile.framework */; };
/* End PBXBuildFile section */

/* Begin PBXFileReference section */
		0148775A27EC9D78009FA128 /* FollowerListVC.swift */ = {isa = PBXFileReference; lastKnownFileType = sourcecode.swift; path = FollowerListVC.swift; sourceTree = "<group>"; };
		0148775C27ECB71D009FA128 /* String+Ext.swift */ = {isa = PBXFileReference; fileEncoding = 4; lastKnownFileType = sourcecode.swift; path = "String+Ext.swift"; sourceTree = "<group>"; };
		0150153F27EAE8A90006086F /* Github-mobile.app */ = {isa = PBXFileReference; explicitFileType = wrapper.application; includeInIndex = 0; path = "Github-mobile.app"; sourceTree = BUILT_PRODUCTS_DIR; };
		0150154227EAE8A90006086F /* AppDelegate.swift */ = {isa = PBXFileReference; lastKnownFileType = sourcecode.swift; path = AppDelegate.swift; sourceTree = "<group>"; };
		0150154427EAE8A90006086F /* SceneDelegate.swift */ = {isa = PBXFileReference; lastKnownFileType = sourcecode.swift; path = SceneDelegate.swift; sourceTree = "<group>"; };
		0150154B27EAE8AB0006086F /* Assets.xcassets */ = {isa = PBXFileReference; lastKnownFileType = folder.assetcatalog; path = Assets.xcassets; sourceTree = "<group>"; };
		0150154E27EAE8AB0006086F /* Base */ = {isa = PBXFileReference; lastKnownFileType = file.storyboard; name = Base; path = Base.lproj/LaunchScreen.storyboard; sourceTree = "<group>"; };
		0150155027EAE8AB0006086F /* Info.plist */ = {isa = PBXFileReference; lastKnownFileType = text.plist.xml; path = Info.plist; sourceTree = "<group>"; };
		0150155627EAF26F0006086F /* .gitignore.md */ = {isa = PBXFileReference; lastKnownFileType = net.daringfireball.markdown; path = .gitignore.md; sourceTree = "<group>"; };
		0150155727EAF47A0006086F /* SearchVC.swift */ = {isa = PBXFileReference; lastKnownFileType = sourcecode.swift; path = SearchVC.swift; sourceTree = "<group>"; };
		0150155927EAF4AD0006086F /* FavoriteListVC.swift */ = {isa = PBXFileReference; lastKnownFileType = sourcecode.swift; path = FavoriteListVC.swift; sourceTree = "<group>"; };
		0150155B27EB0DB70006086F /* GFButton.swift */ = {isa = PBXFileReference; lastKnownFileType = sourcecode.swift; path = GFButton.swift; sourceTree = "<group>"; };
		0150155D27EB12BF0006086F /* GFTextField.swift */ = {isa = PBXFileReference; lastKnownFileType = sourcecode.swift; path = GFTextField.swift; sourceTree = "<group>"; };
		7F9B18D56D999F006FB25034 /* Pods-Github-mobile.release.xcconfig */ = {isa = PBXFileReference; includeInIndex = 1; lastKnownFileType = text.xcconfig; name = "Pods-Github-mobile.release.xcconfig"; path = "Target Support Files/Pods-Github-mobile/Pods-Github-mobile.release.xcconfig"; sourceTree = "<group>"; };
		98B93445555E9649A45DD787 /* Pods-Github-mobile.debug.xcconfig */ = {isa = PBXFileReference; includeInIndex = 1; lastKnownFileType = text.xcconfig; name = "Pods-Github-mobile.debug.xcconfig"; path = "Target Support Files/Pods-Github-mobile/Pods-Github-mobile.debug.xcconfig"; sourceTree = "<group>"; };
		B84FD2BB5937E20D5B7C3226 /* Pods_Github_mobile.framework */ = {isa = PBXFileReference; explicitFileType = wrapper.framework; includeInIndex = 0; path = Pods_Github_mobile.framework; sourceTree = BUILT_PRODUCTS_DIR; };
/* End PBXFileReference section */

/* Begin PBXFrameworksBuildPhase section */
		0150153C27EAE8A90006086F /* Frameworks */ = {
			isa = PBXFrameworksBuildPhase;
			buildActionMask = 2147483647;
			files = (
				669955689F379EB19685A9B6 /* Pods_Github_mobile.framework in Frameworks */,
			);
			runOnlyForDeploymentPostprocessing = 0;
		};
/* End PBXFrameworksBuildPhase section */

/* Begin PBXGroup section */
		0150153627EAE8A90006086F = {
			isa = PBXGroup;
			children = (
				0150154127EAE8A90006086F /* Github-mobile */,
				0150154027EAE8A90006086F /* Products */,
				2792DACC3113D49417F6D37E /* Pods */,
				3E076CB03412B59EFA2EF2F0 /* Frameworks */,
			);
			sourceTree = "<group>";
		};
		0150154027EAE8A90006086F /* Products */ = {
			isa = PBXGroup;
			children = (
				0150153F27EAE8A90006086F /* Github-mobile.app */,
			);
			name = Products;
			sourceTree = "<group>";
		};
		0150154127EAE8A90006086F /* Github-mobile */ = {
			isa = PBXGroup;
			children = (
				0150154227EAE8A90006086F /* AppDelegate.swift */,
				0150154427EAE8A90006086F /* SceneDelegate.swift */,
				0150155927EAF4AD0006086F /* FavoriteListVC.swift */,
				0150155727EAF47A0006086F /* SearchVC.swift */,
				0150155B27EB0DB70006086F /* GFButton.swift */,
				0150155D27EB12BF0006086F /* GFTextField.swift */,
				0148775A27EC9D78009FA128 /* FollowerListVC.swift */,
				0148775C27ECB71D009FA128 /* String+Ext.swift */,
				0150154B27EAE8AB0006086F /* Assets.xcassets */,
				0150154D27EAE8AB0006086F /* LaunchScreen.storyboard */,
				0150155027EAE8AB0006086F /* Info.plist */,
				0150155627EAF26F0006086F /* .gitignore.md */,
			);
			path = "Github-mobile";
			sourceTree = "<group>";
		};
		2792DACC3113D49417F6D37E /* Pods */ = {
			isa = PBXGroup;
			children = (
				98B93445555E9649A45DD787 /* Pods-Github-mobile.debug.xcconfig */,
				7F9B18D56D999F006FB25034 /* Pods-Github-mobile.release.xcconfig */,
			);
			path = Pods;
			sourceTree = "<group>";
		};
		3E076CB03412B59EFA2EF2F0 /* Frameworks */ = {
			isa = PBXGroup;
			children = (
				B84FD2BB5937E20D5B7C3226 /* Pods_Github_mobile.framework */,
			);
			name = Frameworks;
			sourceTree = "<group>";
		};
/* End PBXGroup section */

/* Begin PBXNativeTarget section */
		0150153E27EAE8A90006086F /* Github-mobile */ = {
			isa = PBXNativeTarget;
			buildConfigurationList = 0150155327EAE8AB0006086F /* Build configuration list for PBXNativeTarget "Github-mobile" */;
			buildPhases = (
				EAF612E743D7C7A5956EAFD7 /* [CP] Check Pods Manifest.lock */,
				0150153B27EAE8A90006086F /* Sources */,
				0150153C27EAE8A90006086F /* Frameworks */,
				0150153D27EAE8A90006086F /* Resources */,
				492CB5279D9D2444952060F5 /* [CP] Embed Pods Frameworks */,
			);
			buildRules = (
			);
			dependencies = (
			);
			name = "Github-mobile";
			productName = "Github-mobile";
			productReference = 0150153F27EAE8A90006086F /* Github-mobile.app */;
			productType = "com.apple.product-type.application";
		};
/* End PBXNativeTarget section */

/* Begin PBXProject section */
		0150153727EAE8A90006086F /* Project object */ = {
			isa = PBXProject;
			attributes = {
				BuildIndependentTargetsInParallel = 1;
				LastSwiftUpdateCheck = 1330;
				LastUpgradeCheck = 1330;
				TargetAttributes = {
					0150153E27EAE8A90006086F = {
						CreatedOnToolsVersion = 13.3;
					};
				};
			};
			buildConfigurationList = 0150153A27EAE8A90006086F /* Build configuration list for PBXProject "Github-mobile" */;
			compatibilityVersion = "Xcode 13.0";
			developmentRegion = en;
			hasScannedForEncodings = 0;
			knownRegions = (
				en,
				Base,
			);
			mainGroup = 0150153627EAE8A90006086F;
			productRefGroup = 0150154027EAE8A90006086F /* Products */;
			projectDirPath = "";
			projectRoot = "";
			targets = (
				0150153E27EAE8A90006086F /* Github-mobile */,
			);
		};
/* End PBXProject section */

/* Begin PBXResourcesBuildPhase section */
		0150153D27EAE8A90006086F /* Resources */ = {
			isa = PBXResourcesBuildPhase;
			buildActionMask = 2147483647;
			files = (
				0150154F27EAE8AB0006086F /* LaunchScreen.storyboard in Resources */,
				0150154C27EAE8AB0006086F /* Assets.xcassets in Resources */,
			);
			runOnlyForDeploymentPostprocessing = 0;
		};
/* End PBXResourcesBuildPhase section */

/* Begin PBXShellScriptBuildPhase section */
		492CB5279D9D2444952060F5 /* [CP] Embed Pods Frameworks */ = {
			isa = PBXShellScriptBuildPhase;
			buildActionMask = 2147483647;
			files = (
			);
			inputFileListPaths = (
				"${PODS_ROOT}/Target Support Files/Pods-Github-mobile/Pods-Github-mobile-frameworks-${CONFIGURATION}-input-files.xcfilelist",
			);
			name = "[CP] Embed Pods Frameworks";
			outputFileListPaths = (
				"${PODS_ROOT}/Target Support Files/Pods-Github-mobile/Pods-Github-mobile-frameworks-${CONFIGURATION}-output-files.xcfilelist",
			);
			runOnlyForDeploymentPostprocessing = 0;
			shellPath = /bin/sh;
			shellScript = "\"${PODS_ROOT}/Target Support Files/Pods-Github-mobile/Pods-Github-mobile-frameworks.sh\"\n";
			showEnvVarsInLog = 0;
		};
		EAF612E743D7C7A5956EAFD7 /* [CP] Check Pods Manifest.lock */ = {
			isa = PBXShellScriptBuildPhase;
			buildActionMask = 2147483647;
			files = (
			);
			inputFileListPaths = (
			);
			inputPaths = (
				"${PODS_PODFILE_DIR_PATH}/Podfile.lock",
				"${PODS_ROOT}/Manifest.lock",
			);
			name = "[CP] Check Pods Manifest.lock";
			outputFileListPaths = (
			);
			outputPaths = (
				"$(DERIVED_FILE_DIR)/Pods-Github-mobile-checkManifestLockResult.txt",
			);
			runOnlyForDeploymentPostprocessing = 0;
			shellPath = /bin/sh;
			shellScript = "diff \"${PODS_PODFILE_DIR_PATH}/Podfile.lock\" \"${PODS_ROOT}/Manifest.lock\" > /dev/null\nif [ $? != 0 ] ; then\n    # print error to STDERR\n    echo \"error: The sandbox is not in sync with the Podfile.lock. Run 'pod install' or update your CocoaPods installation.\" >&2\n    exit 1\nfi\n# This output is used by Xcode 'outputs' to avoid re-running this script phase.\necho \"SUCCESS\" > \"${SCRIPT_OUTPUT_FILE_0}\"\n";
			showEnvVarsInLog = 0;
		};
/* End PBXShellScriptBuildPhase section */

/* Begin PBXSourcesBuildPhase section */
		0150153B27EAE8A90006086F /* Sources */ = {
			isa = PBXSourcesBuildPhase;
			buildActionMask = 2147483647;
			files = (
				0150155E27EB12BF0006086F /* GFTextField.swift in Sources */,
				0150155A27EAF4AD0006086F /* FavoriteListVC.swift in Sources */,
				0150155C27EB0DB70006086F /* GFButton.swift in Sources */,
				0150155827EAF47A0006086F /* SearchVC.swift in Sources */,
				0148775B27EC9D78009FA128 /* FollowerListVC.swift in Sources */,
				0150154327EAE8A90006086F /* AppDelegate.swift in Sources */,
				0148775D27ECB71D009FA128 /* String+Ext.swift in Sources */,
				0150154527EAE8A90006086F /* SceneDelegate.swift in Sources */,
			);
			runOnlyForDeploymentPostprocessing = 0;
		};
/* End PBXSourcesBuildPhase section */

/* Begin PBXVariantGroup section */
		0150154D27EAE8AB0006086F /* LaunchScreen.storyboard */ = {
			isa = PBXVariantGroup;
			children = (
				0150154E27EAE8AB0006086F /* Base */,
			);
			name = LaunchScreen.storyboard;
			sourceTree = "<group>";
		};
/* End PBXVariantGroup section */

/* Begin XCBuildConfiguration section */
		0150155127EAE8AB0006086F /* Debug */ = {
			isa = XCBuildConfiguration;
			buildSettings = {
				ALWAYS_SEARCH_USER_PATHS = NO;
				CLANG_ANALYZER_NONNULL = YES;
				CLANG_ANALYZER_NUMBER_OBJECT_CONVERSION = YES_AGGRESSIVE;
				CLANG_CXX_LANGUAGE_STANDARD = "gnu++17";
				CLANG_ENABLE_MODULES = YES;
				CLANG_ENABLE_OBJC_ARC = YES;
				CLANG_ENABLE_OBJC_WEAK = YES;
				CLANG_WARN_BLOCK_CAPTURE_AUTORELEASING = YES;
				CLANG_WARN_BOOL_CONVERSION = YES;
				CLANG_WARN_COMMA = YES;
				CLANG_WARN_CONSTANT_CONVERSION = YES;
				CLANG_WARN_DEPRECATED_OBJC_IMPLEMENTATIONS = YES;
				CLANG_WARN_DIRECT_OBJC_ISA_USAGE = YES_ERROR;
				CLANG_WARN_DOCUMENTATION_COMMENTS = YES;
				CLANG_WARN_EMPTY_BODY = YES;
				CLANG_WARN_ENUM_CONVERSION = YES;
				CLANG_WARN_INFINITE_RECURSION = YES;
				CLANG_WARN_INT_CONVERSION = YES;
				CLANG_WARN_NON_LITERAL_NULL_CONVERSION = YES;
				CLANG_WARN_OBJC_IMPLICIT_RETAIN_SELF = YES;
				CLANG_WARN_OBJC_LITERAL_CONVERSION = YES;
				CLANG_WARN_OBJC_ROOT_CLASS = YES_ERROR;
				CLANG_WARN_QUOTED_INCLUDE_IN_FRAMEWORK_HEADER = YES;
				CLANG_WARN_RANGE_LOOP_ANALYSIS = YES;
				CLANG_WARN_STRICT_PROTOTYPES = YES;
				CLANG_WARN_SUSPICIOUS_MOVE = YES;
				CLANG_WARN_UNGUARDED_AVAILABILITY = YES_AGGRESSIVE;
				CLANG_WARN_UNREACHABLE_CODE = YES;
				CLANG_WARN__DUPLICATE_METHOD_MATCH = YES;
				COPY_PHASE_STRIP = NO;
				DEBUG_INFORMATION_FORMAT = dwarf;
				ENABLE_STRICT_OBJC_MSGSEND = YES;
				ENABLE_TESTABILITY = YES;
				GCC_C_LANGUAGE_STANDARD = gnu11;
				GCC_DYNAMIC_NO_PIC = NO;
				GCC_NO_COMMON_BLOCKS = YES;
				GCC_OPTIMIZATION_LEVEL = 0;
				GCC_PREPROCESSOR_DEFINITIONS = (
					"DEBUG=1",
					"$(inherited)",
				);
				GCC_WARN_64_TO_32_BIT_CONVERSION = YES;
				GCC_WARN_ABOUT_RETURN_TYPE = YES_ERROR;
				GCC_WARN_UNDECLARED_SELECTOR = YES;
				GCC_WARN_UNINITIALIZED_AUTOS = YES_AGGRESSIVE;
				GCC_WARN_UNUSED_FUNCTION = YES;
				GCC_WARN_UNUSED_VARIABLE = YES;
				IPHONEOS_DEPLOYMENT_TARGET = 15.4;
				MTL_ENABLE_DEBUG_INFO = INCLUDE_SOURCE;
				MTL_FAST_MATH = YES;
				ONLY_ACTIVE_ARCH = YES;
				SDKROOT = iphoneos;
				SWIFT_ACTIVE_COMPILATION_CONDITIONS = DEBUG;
				SWIFT_OPTIMIZATION_LEVEL = "-Onone";
			};
			name = Debug;
		};
		0150155227EAE8AB0006086F /* Release */ = {
			isa = XCBuildConfiguration;
			buildSettings = {
				ALWAYS_SEARCH_USER_PATHS = NO;
				CLANG_ANALYZER_NONNULL = YES;
				CLANG_ANALYZER_NUMBER_OBJECT_CONVERSION = YES_AGGRESSIVE;
				CLANG_CXX_LANGUAGE_STANDARD = "gnu++17";
				CLANG_ENABLE_MODULES = YES;
				CLANG_ENABLE_OBJC_ARC = YES;
				CLANG_ENABLE_OBJC_WEAK = YES;
				CLANG_WARN_BLOCK_CAPTURE_AUTORELEASING = YES;
				CLANG_WARN_BOOL_CONVERSION = YES;
				CLANG_WARN_COMMA = YES;
				CLANG_WARN_CONSTANT_CONVERSION = YES;
				CLANG_WARN_DEPRECATED_OBJC_IMPLEMENTATIONS = YES;
				CLANG_WARN_DIRECT_OBJC_ISA_USAGE = YES_ERROR;
				CLANG_WARN_DOCUMENTATION_COMMENTS = YES;
				CLANG_WARN_EMPTY_BODY = YES;
				CLANG_WARN_ENUM_CONVERSION = YES;
				CLANG_WARN_INFINITE_RECURSION = YES;
				CLANG_WARN_INT_CONVERSION = YES;
				CLANG_WARN_NON_LITERAL_NULL_CONVERSION = YES;
				CLANG_WARN_OBJC_IMPLICIT_RETAIN_SELF = YES;
				CLANG_WARN_OBJC_LITERAL_CONVERSION = YES;
				CLANG_WARN_OBJC_ROOT_CLASS = YES_ERROR;
				CLANG_WARN_QUOTED_INCLUDE_IN_FRAMEWORK_HEADER = YES;
				CLANG_WARN_RANGE_LOOP_ANALYSIS = YES;
				CLANG_WARN_STRICT_PROTOTYPES = YES;
				CLANG_WARN_SUSPICIOUS_MOVE = YES;
				CLANG_WARN_UNGUARDED_AVAILABILITY = YES_AGGRESSIVE;
				CLANG_WARN_UNREACHABLE_CODE = YES;
				CLANG_WARN__DUPLICATE_METHOD_MATCH = YES;
				COPY_PHASE_STRIP = NO;
				DEBUG_INFORMATION_FORMAT = "dwarf-with-dsym";
				ENABLE_NS_ASSERTIONS = NO;
				ENABLE_STRICT_OBJC_MSGSEND = YES;
				GCC_C_LANGUAGE_STANDARD = gnu11;
				GCC_NO_COMMON_BLOCKS = YES;
				GCC_WARN_64_TO_32_BIT_CONVERSION = YES;
				GCC_WARN_ABOUT_RETURN_TYPE = YES_ERROR;
				GCC_WARN_UNDECLARED_SELECTOR = YES;
				GCC_WARN_UNINITIALIZED_AUTOS = YES_AGGRESSIVE;
				GCC_WARN_UNUSED_FUNCTION = YES;
				GCC_WARN_UNUSED_VARIABLE = YES;
				IPHONEOS_DEPLOYMENT_TARGET = 15.4;
				MTL_ENABLE_DEBUG_INFO = NO;
				MTL_FAST_MATH = YES;
				SDKROOT = iphoneos;
				SWIFT_COMPILATION_MODE = wholemodule;
				SWIFT_OPTIMIZATION_LEVEL = "-O";
				VALIDATE_PRODUCT = YES;
			};
			name = Release;
		};
		0150155427EAE8AB0006086F /* Debug */ = {
			isa = XCBuildConfiguration;
			baseConfigurationReference = 98B93445555E9649A45DD787 /* Pods-Github-mobile.debug.xcconfig */;
			buildSettings = {
				ASSETCATALOG_COMPILER_APPICON_NAME = AppIcon;
				ASSETCATALOG_COMPILER_GLOBAL_ACCENT_COLOR_NAME = AccentColor;
				CODE_SIGN_STYLE = Automatic;
				CURRENT_PROJECT_VERSION = 1;
				DEVELOPMENT_TEAM = 8BFJ4VQ97J;
				GENERATE_INFOPLIST_FILE = YES;
				INFOPLIST_FILE = "Github-mobile/Info.plist";
				INFOPLIST_KEY_UIApplicationSupportsIndirectInputEvents = YES;
				INFOPLIST_KEY_UILaunchStoryboardName = LaunchScreen;
				INFOPLIST_KEY_UISupportedInterfaceOrientations = UIInterfaceOrientationPortrait;
				INFOPLIST_KEY_UISupportedInterfaceOrientations_iPad = "UIInterfaceOrientationPortrait UIInterfaceOrientationPortraitUpsideDown UIInterfaceOrientationLandscapeLeft UIInterfaceOrientationLandscapeRight";
				INFOPLIST_KEY_UISupportedInterfaceOrientations_iPhone = "UIInterfaceOrientationPortrait UIInterfaceOrientationLandscapeLeft UIInterfaceOrientationLandscapeRight";
				IPHONEOS_DEPLOYMENT_TARGET = 13.2;
				LD_RUNPATH_SEARCH_PATHS = (
					"$(inherited)",
					"@executable_path/Frameworks",
				);
				MARKETING_VERSION = 1.0;
				PRODUCT_BUNDLE_IDENTIFIER = "com.practice.Github-mobile";
				PRODUCT_NAME = "$(TARGET_NAME)";
				SWIFT_EMIT_LOC_STRINGS = YES;
				SWIFT_VERSION = 5.0;
				TARGETED_DEVICE_FAMILY = 1;
			};
			name = Debug;
		};
		0150155527EAE8AB0006086F /* Release */ = {
			isa = XCBuildConfiguration;
			baseConfigurationReference = 7F9B18D56D999F006FB25034 /* Pods-Github-mobile.release.xcconfig */;
			buildSettings = {
				ASSETCATALOG_COMPILER_APPICON_NAME = AppIcon;
				ASSETCATALOG_COMPILER_GLOBAL_ACCENT_COLOR_NAME = AccentColor;
				CODE_SIGN_STYLE = Automatic;
				CURRENT_PROJECT_VERSION = 1;
				DEVELOPMENT_TEAM = 8BFJ4VQ97J;
				GENERATE_INFOPLIST_FILE = YES;
				INFOPLIST_FILE = "Github-mobile/Info.plist";
				INFOPLIST_KEY_UIApplicationSupportsIndirectInputEvents = YES;
				INFOPLIST_KEY_UILaunchStoryboardName = LaunchScreen;
				INFOPLIST_KEY_UISupportedInterfaceOrientations = UIInterfaceOrientationPortrait;
				INFOPLIST_KEY_UISupportedInterfaceOrientations_iPad = "UIInterfaceOrientationPortrait UIInterfaceOrientationPortraitUpsideDown UIInterfaceOrientationLandscapeLeft UIInterfaceOrientationLandscapeRight";
				INFOPLIST_KEY_UISupportedInterfaceOrientations_iPhone = "UIInterfaceOrientationPortrait UIInterfaceOrientationLandscapeLeft UIInterfaceOrientationLandscapeRight";
				IPHONEOS_DEPLOYMENT_TARGET = 13.2;
				LD_RUNPATH_SEARCH_PATHS = (
					"$(inherited)",
					"@executable_path/Frameworks",
				);
				MARKETING_VERSION = 1.0;
				PRODUCT_BUNDLE_IDENTIFIER = "com.practice.Github-mobile";
				PRODUCT_NAME = "$(TARGET_NAME)";
				SWIFT_EMIT_LOC_STRINGS = YES;
				SWIFT_VERSION = 5.0;
				TARGETED_DEVICE_FAMILY = 1;
			};
			name = Release;
		};
/* End XCBuildConfiguration section */

/* Begin XCConfigurationList section */
		0150153A27EAE8A90006086F /* Build configuration list for PBXProject "Github-mobile" */ = {
			isa = XCConfigurationList;
			buildConfigurations = (
				0150155127EAE8AB0006086F /* Debug */,
				0150155227EAE8AB0006086F /* Release */,
			);
			defaultConfigurationIsVisible = 0;
			defaultConfigurationName = Release;
		};
		0150155327EAE8AB0006086F /* Build configuration list for PBXNativeTarget "Github-mobile" */ = {
			isa = XCConfigurationList;
			buildConfigurations = (
				0150155427EAE8AB0006086F /* Debug */,
				0150155527EAE8AB0006086F /* Release */,
			);
			defaultConfigurationIsVisible = 0;
			defaultConfigurationName = Release;
		};
/* End XCConfigurationList section */
	};
	rootObject = 0150153727EAE8A90006086F /* Project object */;
}
